
Microsoft Visual Studio Solution File, Format Version 12.00
# Visual Studio Version 17
VisualStudioVersion = 17.1.32414.318
MinimumVisualStudioVersion = 10.0.40219.1
Project("{FAE04EC0-301F-11D3-BF4B-00C04F79EFBC}") = "app-web-backend", "app-web-backend\app-web-backend.csproj", "{B5DE5AA5-B6FA-42FA-A26F-592F9BACF210}"
EndProject
Global
	GlobalSection(SolutionConfigurationPlatforms) = preSolution
		Debug|Any CPU = Debug|Any CPU
		Release|Any CPU = Release|Any CPU
	EndGlobalSection
	GlobalSection(ProjectConfigurationPlatforms) = postSolution
		{B5DE5AA5-B6FA-42FA-A26F-592F9BACF210}.Debug|Any CPU.ActiveCfg = Debug|Any CPU
		{B5DE5AA5-B6FA-42FA-A26F-592F9BACF210}.Debug|Any CPU.Build.0 = Debug|Any CPU
		{B5DE5AA5-B6FA-42FA-A26F-592F9BACF210}.Release|Any CPU.ActiveCfg = Release|Any CPU
		{B5DE5AA5-B6FA-42FA-A26F-592F9BACF210}.Release|Any CPU.Build.0 = Release|Any CPU
	EndGlobalSection
	GlobalSection(SolutionProperties) = preSolution
		HideSolutionNode = FALSE
	EndGlobalSection
	GlobalSection(ExtensibilityGlobals) = postSolution
		SolutionGuid = {89255FCC-DF55-4DEA-A861-394A9ADF3B7D}
	EndGlobalSection
EndGlobal
